
Microsoft Visual Studio Solution File, Format Version 12.00
# Visual Studio 15
VisualStudioVersion = 15.0.27004.2002
MinimumVisualStudioVersion = 10.0.40219.1
Project("{FAE04EC0-301F-11D3-BF4B-00C04F79EFBC}") = "Tiver.Fowl.Waiting", "Tiver.Fowl.Waiting\Tiver.Fowl.Waiting.csproj", "{80DF3569-CECF-408D-B511-186373D96D25}"
EndProject
Project("{FAE04EC0-301F-11D3-BF4B-00C04F79EFBC}") = "Tests", "Tests\Tests.csproj", "{BB44081F-641E-4335-9D99-C16A51D6715A}"
EndProject
Project("{2150E333-8FDC-42A3-9474-1A3956D46DE8}") = "Solution Items", "Solution Items", "{23173423-C009-4DE3-AC87-0D8634742572}"
	ProjectSection(SolutionItems) = preProject
		build.cake = build.cake
	EndProjectSection
EndProject
Project("{2150E333-8FDC-42A3-9474-1A3956D46DE8}") = "package", "package", "{19E0180F-2356-4E21-A894-A2DBB6846B56}"
	ProjectSection(SolutionItems) = preProject
		package\Package.nuspec = package\Package.nuspec
	EndProjectSection
EndProject
Project("{FAE04EC0-301F-11D3-BF4B-00C04F79EFBC}") = "TestsMsTest", "TestsMsTest\TestsMsTest.csproj", "{DD4A64FA-1E26-4379-BD33-2C0D61E89E1D}"
EndProject
Global
	GlobalSection(SolutionConfigurationPlatforms) = preSolution
		Debug|Any CPU = Debug|Any CPU
		Release|Any CPU = Release|Any CPU
	EndGlobalSection
	GlobalSection(ProjectConfigurationPlatforms) = postSolution
		{80DF3569-CECF-408D-B511-186373D96D25}.Debug|Any CPU.ActiveCfg = Debug|Any CPU
		{80DF3569-CECF-408D-B511-186373D96D25}.Debug|Any CPU.Build.0 = Debug|Any CPU
		{80DF3569-CECF-408D-B511-186373D96D25}.Release|Any CPU.ActiveCfg = Release|Any CPU
		{80DF3569-CECF-408D-B511-186373D96D25}.Release|Any CPU.Build.0 = Release|Any CPU
		{BB44081F-641E-4335-9D99-C16A51D6715A}.Debug|Any CPU.ActiveCfg = Debug|Any CPU
		{BB44081F-641E-4335-9D99-C16A51D6715A}.Debug|Any CPU.Build.0 = Debug|Any CPU
		{BB44081F-641E-4335-9D99-C16A51D6715A}.Release|Any CPU.ActiveCfg = Release|Any CPU
		{BB44081F-641E-4335-9D99-C16A51D6715A}.Release|Any CPU.Build.0 = Release|Any CPU
		{DD4A64FA-1E26-4379-BD33-2C0D61E89E1D}.Debug|Any CPU.ActiveCfg = Debug|Any CPU
		{DD4A64FA-1E26-4379-BD33-2C0D61E89E1D}.Debug|Any CPU.Build.0 = Debug|Any CPU
		{DD4A64FA-1E26-4379-BD33-2C0D61E89E1D}.Release|Any CPU.ActiveCfg = Release|Any CPU
		{DD4A64FA-1E26-4379-BD33-2C0D61E89E1D}.Release|Any CPU.Build.0 = Release|Any CPU
	EndGlobalSection
	GlobalSection(SolutionProperties) = preSolution
		HideSolutionNode = FALSE
	EndGlobalSection
	GlobalSection(ExtensibilityGlobals) = postSolution
		SolutionGuid = {F3695C36-A884-4E3C-ADF5-EC28D3BB748B}
	EndGlobalSection
EndGlobal
