
Microsoft Visual Studio Solution File, Format Version 12.00
# Visual Studio 15
VisualStudioVersion = 15.0.27004.2002
MinimumVisualStudioVersion = 10.0.40219.1
Project("{FAE04EC0-301F-11D3-BF4B-00C04F79EFBC}") = "Tiver.Fowl.Waiting", "Tiver.Fowl.Waiting\Tiver.Fowl.Waiting.csproj", "{80DF3569-CECF-408D-B511-186373D96D25}"
EndProject
Project("{2150E333-8FDC-42A3-9474-1A3956D46DE8}") = "Solution Items", "Solution Items", "{23173423-C009-4DE3-AC87-0D8634742572}"
EndProject
Project("{FAE04EC0-301F-11D3-BF4B-00C04F79EFBC}") = "TestsCore", "TestsCore\TestsCore.csproj", "{B40B3B8E-9F5D-4895-990F-45832218B698}"
EndProject
Project("{FAE04EC0-301F-11D3-BF4B-00C04F79EFBC}") = "TestsCoreMsTest", "TestsCoreMsTest\TestsCoreMsTest.csproj", "{6C2D5E16-F03B-4961-B3D4-DA4334128613}"
EndProject
Global
	GlobalSection(SolutionConfigurationPlatforms) = preSolution
		Debug|Any CPU = Debug|Any CPU
		Release|Any CPU = Release|Any CPU
	EndGlobalSection
	GlobalSection(ProjectConfigurationPlatforms) = postSolution
		{8856461E-DF89-46DE-9BB6-E4AEECD97F4B}.Debug|Any CPU.ActiveCfg = Debug|Any CPU
		{8856461E-DF89-46DE-9BB6-E4AEECD97F4B}.Release|Any CPU.ActiveCfg = Release|Any CPU
		{80DF3569-CECF-408D-B511-186373D96D25}.Debug|Any CPU.ActiveCfg = Debug|Any CPU
		{80DF3569-CECF-408D-B511-186373D96D25}.Debug|Any CPU.Build.0 = Debug|Any CPU
		{80DF3569-CECF-408D-B511-186373D96D25}.Release|Any CPU.ActiveCfg = Release|Any CPU
		{80DF3569-CECF-408D-B511-186373D96D25}.Release|Any CPU.Build.0 = Release|Any CPU
		{B40B3B8E-9F5D-4895-990F-45832218B698}.Debug|Any CPU.ActiveCfg = Debug|Any CPU
		{B40B3B8E-9F5D-4895-990F-45832218B698}.Debug|Any CPU.Build.0 = Debug|Any CPU
		{B40B3B8E-9F5D-4895-990F-45832218B698}.Release|Any CPU.ActiveCfg = Release|Any CPU
		{B40B3B8E-9F5D-4895-990F-45832218B698}.Release|Any CPU.Build.0 = Release|Any CPU
		{6C2D5E16-F03B-4961-B3D4-DA4334128613}.Debug|Any CPU.ActiveCfg = Debug|Any CPU
		{6C2D5E16-F03B-4961-B3D4-DA4334128613}.Debug|Any CPU.Build.0 = Debug|Any CPU
		{6C2D5E16-F03B-4961-B3D4-DA4334128613}.Release|Any CPU.ActiveCfg = Release|Any CPU
		{6C2D5E16-F03B-4961-B3D4-DA4334128613}.Release|Any CPU.Build.0 = Release|Any CPU
	EndGlobalSection
	GlobalSection(SolutionProperties) = preSolution
		HideSolutionNode = FALSE
	EndGlobalSection
	GlobalSection(ExtensibilityGlobals) = postSolution
		SolutionGuid = {F3695C36-A884-4E3C-ADF5-EC28D3BB748B}
	EndGlobalSection
EndGlobal
